Microsoft Visual Studio Solution File, Format Version 11.00
# Visual Studio 2008

Project("{7C4A9EDF-0759-EBF1-1A5D-BD42DE067248}") = "DGM1600Final", "Assembly-CSharp.csproj", "{8882F85E-21B9-B20A-C2DD-E9C33193BDCD}"
EndProject
Global
	GlobalSection(SolutionConfigurationPlatforms) = preSolution
		Debug|Any CPU = Debug|Any CPU
		Release|Any CPU = Release|Any CPU
	EndGlobalSection
	GlobalSection(ProjectConfigurationPlatforms) = postSolution
		{8882F85E-21B9-B20A-C2DD-E9C33193BDCD}.Debug|Any CPU.ActiveCfg = Debug|Any CPU
		{8882F85E-21B9-B20A-C2DD-E9C33193BDCD}.Debug|Any CPU.Build.0 = Debug|Any CPU
		{8882F85E-21B9-B20A-C2DD-E9C33193BDCD}.Release|Any CPU.ActiveCfg = Release|Any CPU
		{8882F85E-21B9-B20A-C2DD-E9C33193BDCD}.Release|Any CPU.Build.0 = Release|Any CPU
	EndGlobalSection
	GlobalSection(SolutionProperties) = preSolution
		HideSolutionNode = FALSE
	EndGlobalSection
	GlobalSection(MonoDevelopProperties) = preSolution
		StartupItem = Assembly-CSharp.csproj
	EndGlobalSection
EndGlobal
